
Microsoft Visual Studio Solution File, Format Version 12.00
# Visual Studio Version 16
VisualStudioVersion = 16.0.31410.357
MinimumVisualStudioVersion = 10.0.40219.1
Project("{FAE04EC0-301F-11D3-BF4B-00C04F79EFBC}") = "Library.WPF", "Library.WPF\Library.WPF.csproj", "{C59B891E-D9C8-418F-A797-9BA6B581E77C}"
EndProject
Project("{FAE04EC0-301F-11D3-BF4B-00C04F79EFBC}") = "Library.Csharp", "Library.Csharp\Library.Csharp.csproj", "{F44BEA16-C565-4275-B523-3D40D26EBBC0}"
EndProject
Project("{FAE04EC0-301F-11D3-BF4B-00C04F79EFBC}") = "DotNetVersions", "DotNetVersions\DotNetVersions.csproj", "{7BEBD7DC-3572-473D-84C8-6090A2DA4D18}"
EndProject
Global
	GlobalSection(SolutionConfigurationPlatforms) = preSolution
		Debug|Any CPU = Debug|Any CPU
		Release|Any CPU = Release|Any CPU
	EndGlobalSection
	GlobalSection(ProjectConfigurationPlatforms) = postSolution
		{C59B891E-D9C8-418F-A797-9BA6B581E77C}.Debug|Any CPU.ActiveCfg = Debug|Any CPU
		{C59B891E-D9C8-418F-A797-9BA6B581E77C}.Debug|Any CPU.Build.0 = Debug|Any CPU
		{C59B891E-D9C8-418F-A797-9BA6B581E77C}.Release|Any CPU.ActiveCfg = Release|Any CPU
		{C59B891E-D9C8-418F-A797-9BA6B581E77C}.Release|Any CPU.Build.0 = Release|Any CPU
		{F44BEA16-C565-4275-B523-3D40D26EBBC0}.Debug|Any CPU.ActiveCfg = Debug|Any CPU
		{F44BEA16-C565-4275-B523-3D40D26EBBC0}.Debug|Any CPU.Build.0 = Debug|Any CPU
		{F44BEA16-C565-4275-B523-3D40D26EBBC0}.Release|Any CPU.ActiveCfg = Release|Any CPU
		{F44BEA16-C565-4275-B523-3D40D26EBBC0}.Release|Any CPU.Build.0 = Release|Any CPU
		{7BEBD7DC-3572-473D-84C8-6090A2DA4D18}.Debug|Any CPU.ActiveCfg = Debug|Any CPU
		{7BEBD7DC-3572-473D-84C8-6090A2DA4D18}.Debug|Any CPU.Build.0 = Debug|Any CPU
		{7BEBD7DC-3572-473D-84C8-6090A2DA4D18}.Release|Any CPU.ActiveCfg = Release|Any CPU
		{7BEBD7DC-3572-473D-84C8-6090A2DA4D18}.Release|Any CPU.Build.0 = Release|Any CPU
	EndGlobalSection
	GlobalSection(SolutionProperties) = preSolution
		HideSolutionNode = FALSE
	EndGlobalSection
	GlobalSection(ExtensibilityGlobals) = postSolution
		SolutionGuid = {0243C14C-AF92-4E84-B766-8BCDA21144E5}
	EndGlobalSection
EndGlobal
