
Microsoft Visual Studio Solution File, Format Version 12.00
# Visual Studio Version 17
VisualStudioVersion = 17.0.32112.339
MinimumVisualStudioVersion = 10.0.40219.1
Project("{FAE04EC0-301F-11D3-BF4B-00C04F79EFBC}") = "Client.WPF", "Client.WPF\Client.WPF.csproj", "{189781A8-B27A-44EA-B487-38E93F2A1076}"
EndProject
Project("{FAE04EC0-301F-11D3-BF4B-00C04F79EFBC}") = "Library.WPF", "Library.WPF\Library.WPF.csproj", "{C59B891E-D9C8-418F-A797-9BA6B581E77C}"
EndProject
Project("{FAE04EC0-301F-11D3-BF4B-00C04F79EFBC}") = "Library.Csharp", "Library.Csharp\Library.Csharp.csproj", "{F44BEA16-C565-4275-B523-3D40D26EBBC0}"
EndProject
Project("{FAE04EC0-301F-11D3-BF4B-00C04F79EFBC}") = "Util.DotNetVersions", "Util.DotNetVersions\Util.DotNetVersions.csproj", "{1E135A39-100B-4326-8411-DC91ABE667A0}"
EndProject
Project("{FAE04EC0-301F-11D3-BF4B-00C04F79EFBC}") = "Util.SvgToXaml", "Util.SvgToXaml\Util.SvgToXaml.csproj", "{0CAF3717-683D-45D3-94A1-CFA4828EF67B}"
EndProject
Project("{FAE04EC0-301F-11D3-BF4B-00C04F79EFBC}") = "Client.Portfolio.WPF", "Client.Portfolio.WPF\Client.Portfolio.WPF.csproj", "{42EF1FD9-63F5-4164-B8A3-F989327B9188}"
EndProject
Project("{2150E333-8FDC-42A3-9474-1A3956D46DE8}") = "Library", "Library", "{7E7C9008-6B5A-4D64-84D7-4DB5D4FA00EF}"
EndProject
Project("{2150E333-8FDC-42A3-9474-1A3956D46DE8}") = "Util", "Util", "{6946DDCE-97AD-40DE-9096-E0F26488720E}"
EndProject
Project("{2150E333-8FDC-42A3-9474-1A3956D46DE8}") = "Module", "Module", "{B10F3E34-9FFA-4216-BC40-D25EA32302AB}"
EndProject
Project("{2150E333-8FDC-42A3-9474-1A3956D46DE8}") = "PrismWPFLibrary", "PrismWPFLibrary", "{64C78E40-E662-4480-8C33-8E2137B43D44}"
EndProject
Project("{FAE04EC0-301F-11D3-BF4B-00C04F79EFBC}") = "PrismWPF.Common", "PrismWPF.Common\PrismWPF.Common.csproj", "{5F4030C6-0AB1-465B-9322-2F8740EC9832}"
EndProject
Project("{FAE04EC0-301F-11D3-BF4B-00C04F79EFBC}") = "PrismWPF.Control", "PrismWPF.Control\PrismWPF.Control.csproj", "{00E22DD2-918B-406A-8A60-9D490961B7A5}"
EndProject
Project("{FAE04EC0-301F-11D3-BF4B-00C04F79EFBC}") = "DMS.Module.Map", "DMS.Module.Map\DMS.Module.Map.csproj", "{288130B9-6D9B-4F12-AD11-487482051949}"
EndProject
Project("{FAE04EC0-301F-11D3-BF4B-00C04F79EFBC}") = "DMS.Module.EnvironmentSetting", "DMS.Module.EnvironmentSetting\DMS.Module.EnvironmentSetting.csproj", "{FE637B7B-41AA-4761-AE52-E999136C2B35}"
EndProject
Project("{FAE04EC0-301F-11D3-BF4B-00C04F79EFBC}") = "DMS.Module.Management", "DMS.Module.Management\DMS.Module.Management.csproj", "{1A2679F1-6802-4E53-86AA-04AC209F1C1C}"
EndProject
Project("{FAE04EC0-301F-11D3-BF4B-00C04F79EFBC}") = "DynamicMonitoring", "DynamicMonitoring\DynamicMonitoring.csproj", "{83D7E8DE-4383-48F9-844F-EBDA961FA28E}"
EndProject
Project("{2150E333-8FDC-42A3-9474-1A3956D46DE8}") = "Core", "Core", "{64672CA3-7BBD-4701-BBCF-3E4B5C214361}"
EndProject
Project("{9A19103F-16F7-4668-BE54-9A1E7A4F7556}") = "Coever.Lib.Axis.Core", "Coever.Lib.Axis.Core\Coever.Lib.Axis.Core.csproj", "{6FACD39E-3468-4BA4-A800-C802ADF561F8}"
EndProject
Project("{9A19103F-16F7-4668-BE54-9A1E7A4F7556}") = "Coever.Lib.CoPlatform.AlarmState.Core", "coever.lib.coplatform.alarmstate.core\Coever.Lib.CoPlatform.AlarmState.Core.csproj", "{D971176D-0F9A-43E9-852A-DE83409400F5}"
EndProject
Project("{9A19103F-16F7-4668-BE54-9A1E7A4F7556}") = "Coever.Lib.CoPlatform.Core", "Coever.Lib.CoPlatform.Core\Coever.Lib.CoPlatform.Core.csproj", "{5A8C667C-CCA4-41C9-8B5A-17BAF155B26A}"
EndProject
Project("{9A19103F-16F7-4668-BE54-9A1E7A4F7556}") = "Coever.Lib.CoPlatform.IPCam.Core", "Coever.Lib.CoPlatform.IPCam.Core\Coever.Lib.CoPlatform.IPCam.Core.csproj", "{E76C80B4-F761-4396-94E7-7F397AEC5F3C}"
EndProject
Project("{9A19103F-16F7-4668-BE54-9A1E7A4F7556}") = "Coever.Lib.CoPlatform.Scenario.Core", "Coever.Lib.CoPlatform.Scenario.Core\Coever.Lib.CoPlatform.Scenario.Core.csproj", "{C892845F-97EF-4785-A683-C027D7CE8EFC}"
EndProject
Project("{9A19103F-16F7-4668-BE54-9A1E7A4F7556}") = "Coever.Lib.Core", "coever.lib.core\Coever.Lib.Core.csproj", "{13DE54A9-7A8B-416F-B49F-2E84FA53D11A}"
EndProject
Project("{9A19103F-16F7-4668-BE54-9A1E7A4F7556}") = "Coever.Lib.Mqtt.Core", "Coever.Lib.Mqtt.Core\Coever.Lib.Mqtt.Core.csproj", "{2A3F075B-C0CF-4745-8BF1-5A5321DB528E}"
EndProject
Project("{FAE04EC0-301F-11D3-BF4B-00C04F79EFBC}") = "Coever.Lib.WF.Axis", "Coever.Lib.WF.Axis\Coever.Lib.WF.Axis.csproj", "{BECE3579-75A5-4686-B1C4-980FE7D38678}"
EndProject
Project("{FAE04EC0-301F-11D3-BF4B-00C04F79EFBC}") = "Coever.Lib.WPF.Axis", "Coever.Lib.WPF.Axis\Coever.Lib.WPF.Axis.csproj", "{C3EC101C-90FB-4CD7-8457-ECF1E53C6543}"
EndProject
Project("{FAE04EC0-301F-11D3-BF4B-00C04F79EFBC}") = "Coever.Lib.WPF.Core", "Coever.Lib.WPF.Core\Coever.Lib.WPF.Core.csproj", "{686BC368-A67A-4374-B0A4-E1BACF8D6A2A}"
EndProject
Global
	GlobalSection(SolutionConfigurationPlatforms) = preSolution
		Debug|Any CPU = Debug|Any CPU
		Release|Any CPU = Release|Any CPU
	EndGlobalSection
	GlobalSection(ProjectConfigurationPlatforms) = postSolution
		{189781A8-B27A-44EA-B487-38E93F2A1076}.Debug|Any CPU.ActiveCfg = Debug|Any CPU
		{189781A8-B27A-44EA-B487-38E93F2A1076}.Debug|Any CPU.Build.0 = Debug|Any CPU
		{189781A8-B27A-44EA-B487-38E93F2A1076}.Release|Any CPU.ActiveCfg = Release|Any CPU
		{189781A8-B27A-44EA-B487-38E93F2A1076}.Release|Any CPU.Build.0 = Release|Any CPU
		{C59B891E-D9C8-418F-A797-9BA6B581E77C}.Debug|Any CPU.ActiveCfg = Debug|Any CPU
		{C59B891E-D9C8-418F-A797-9BA6B581E77C}.Debug|Any CPU.Build.0 = Debug|Any CPU
		{C59B891E-D9C8-418F-A797-9BA6B581E77C}.Release|Any CPU.ActiveCfg = Release|Any CPU
		{C59B891E-D9C8-418F-A797-9BA6B581E77C}.Release|Any CPU.Build.0 = Release|Any CPU
		{F44BEA16-C565-4275-B523-3D40D26EBBC0}.Debug|Any CPU.ActiveCfg = Debug|Any CPU
		{F44BEA16-C565-4275-B523-3D40D26EBBC0}.Debug|Any CPU.Build.0 = Debug|Any CPU
		{F44BEA16-C565-4275-B523-3D40D26EBBC0}.Release|Any CPU.ActiveCfg = Release|Any CPU
		{F44BEA16-C565-4275-B523-3D40D26EBBC0}.Release|Any CPU.Build.0 = Release|Any CPU
		{1E135A39-100B-4326-8411-DC91ABE667A0}.Debug|Any CPU.ActiveCfg = Debug|Any CPU
		{1E135A39-100B-4326-8411-DC91ABE667A0}.Debug|Any CPU.Build.0 = Debug|Any CPU
		{1E135A39-100B-4326-8411-DC91ABE667A0}.Release|Any CPU.ActiveCfg = Release|Any CPU
		{1E135A39-100B-4326-8411-DC91ABE667A0}.Release|Any CPU.Build.0 = Release|Any CPU
		{0CAF3717-683D-45D3-94A1-CFA4828EF67B}.Debug|Any CPU.ActiveCfg = Debug|Any CPU
		{0CAF3717-683D-45D3-94A1-CFA4828EF67B}.Debug|Any CPU.Build.0 = Debug|Any CPU
		{0CAF3717-683D-45D3-94A1-CFA4828EF67B}.Release|Any CPU.ActiveCfg = Release|Any CPU
		{0CAF3717-683D-45D3-94A1-CFA4828EF67B}.Release|Any CPU.Build.0 = Release|Any CPU
		{42EF1FD9-63F5-4164-B8A3-F989327B9188}.Debug|Any CPU.ActiveCfg = Debug|Any CPU
		{42EF1FD9-63F5-4164-B8A3-F989327B9188}.Debug|Any CPU.Build.0 = Debug|Any CPU
		{42EF1FD9-63F5-4164-B8A3-F989327B9188}.Release|Any CPU.ActiveCfg = Release|Any CPU
		{42EF1FD9-63F5-4164-B8A3-F989327B9188}.Release|Any CPU.Build.0 = Release|Any CPU
		{5F4030C6-0AB1-465B-9322-2F8740EC9832}.Debug|Any CPU.ActiveCfg = Debug|Any CPU
		{5F4030C6-0AB1-465B-9322-2F8740EC9832}.Debug|Any CPU.Build.0 = Debug|Any CPU
		{5F4030C6-0AB1-465B-9322-2F8740EC9832}.Release|Any CPU.ActiveCfg = Release|Any CPU
		{5F4030C6-0AB1-465B-9322-2F8740EC9832}.Release|Any CPU.Build.0 = Release|Any CPU
		{00E22DD2-918B-406A-8A60-9D490961B7A5}.Debug|Any CPU.ActiveCfg = Debug|Any CPU
		{00E22DD2-918B-406A-8A60-9D490961B7A5}.Debug|Any CPU.Build.0 = Debug|Any CPU
		{00E22DD2-918B-406A-8A60-9D490961B7A5}.Release|Any CPU.ActiveCfg = Release|Any CPU
		{00E22DD2-918B-406A-8A60-9D490961B7A5}.Release|Any CPU.Build.0 = Release|Any CPU
		{288130B9-6D9B-4F12-AD11-487482051949}.Debug|Any CPU.ActiveCfg = Debug|Any CPU
		{288130B9-6D9B-4F12-AD11-487482051949}.Debug|Any CPU.Build.0 = Debug|Any CPU
		{288130B9-6D9B-4F12-AD11-487482051949}.Release|Any CPU.ActiveCfg = Release|Any CPU
		{288130B9-6D9B-4F12-AD11-487482051949}.Release|Any CPU.Build.0 = Release|Any CPU
		{FE637B7B-41AA-4761-AE52-E999136C2B35}.Debug|Any CPU.ActiveCfg = Debug|Any CPU
		{FE637B7B-41AA-4761-AE52-E999136C2B35}.Debug|Any CPU.Build.0 = Debug|Any CPU
		{FE637B7B-41AA-4761-AE52-E999136C2B35}.Release|Any CPU.ActiveCfg = Release|Any CPU
		{FE637B7B-41AA-4761-AE52-E999136C2B35}.Release|Any CPU.Build.0 = Release|Any CPU
		{1A2679F1-6802-4E53-86AA-04AC209F1C1C}.Debug|Any CPU.ActiveCfg = Debug|Any CPU
		{1A2679F1-6802-4E53-86AA-04AC209F1C1C}.Debug|Any CPU.Build.0 = Debug|Any CPU
		{1A2679F1-6802-4E53-86AA-04AC209F1C1C}.Release|Any CPU.ActiveCfg = Release|Any CPU
		{1A2679F1-6802-4E53-86AA-04AC209F1C1C}.Release|Any CPU.Build.0 = Release|Any CPU
		{83D7E8DE-4383-48F9-844F-EBDA961FA28E}.Debug|Any CPU.ActiveCfg = Debug|Any CPU
		{83D7E8DE-4383-48F9-844F-EBDA961FA28E}.Debug|Any CPU.Build.0 = Debug|Any CPU
		{83D7E8DE-4383-48F9-844F-EBDA961FA28E}.Release|Any CPU.ActiveCfg = Release|Any CPU
		{83D7E8DE-4383-48F9-844F-EBDA961FA28E}.Release|Any CPU.Build.0 = Release|Any CPU
		{6FACD39E-3468-4BA4-A800-C802ADF561F8}.Debug|Any CPU.ActiveCfg = Debug|Any CPU
		{6FACD39E-3468-4BA4-A800-C802ADF561F8}.Debug|Any CPU.Build.0 = Debug|Any CPU
		{6FACD39E-3468-4BA4-A800-C802ADF561F8}.Release|Any CPU.ActiveCfg = Release|Any CPU
		{6FACD39E-3468-4BA4-A800-C802ADF561F8}.Release|Any CPU.Build.0 = Release|Any CPU
		{D971176D-0F9A-43E9-852A-DE83409400F5}.Debug|Any CPU.ActiveCfg = Debug|Any CPU
		{D971176D-0F9A-43E9-852A-DE83409400F5}.Debug|Any CPU.Build.0 = Debug|Any CPU
		{D971176D-0F9A-43E9-852A-DE83409400F5}.Release|Any CPU.ActiveCfg = Release|Any CPU
		{D971176D-0F9A-43E9-852A-DE83409400F5}.Release|Any CPU.Build.0 = Release|Any CPU
		{5A8C667C-CCA4-41C9-8B5A-17BAF155B26A}.Debug|Any CPU.ActiveCfg = Debug|Any CPU
		{5A8C667C-CCA4-41C9-8B5A-17BAF155B26A}.Debug|Any CPU.Build.0 = Debug|Any CPU
		{5A8C667C-CCA4-41C9-8B5A-17BAF155B26A}.Release|Any CPU.ActiveCfg = Release|Any CPU
		{5A8C667C-CCA4-41C9-8B5A-17BAF155B26A}.Release|Any CPU.Build.0 = Release|Any CPU
		{E76C80B4-F761-4396-94E7-7F397AEC5F3C}.Debug|Any CPU.ActiveCfg = Debug|Any CPU
		{E76C80B4-F761-4396-94E7-7F397AEC5F3C}.Debug|Any CPU.Build.0 = Debug|Any CPU
		{E76C80B4-F761-4396-94E7-7F397AEC5F3C}.Release|Any CPU.ActiveCfg = Release|Any CPU
		{E76C80B4-F761-4396-94E7-7F397AEC5F3C}.Release|Any CPU.Build.0 = Release|Any CPU
		{C892845F-97EF-4785-A683-C027D7CE8EFC}.Debug|Any CPU.ActiveCfg = Debug|Any CPU
		{C892845F-97EF-4785-A683-C027D7CE8EFC}.Debug|Any CPU.Build.0 = Debug|Any CPU
		{C892845F-97EF-4785-A683-C027D7CE8EFC}.Release|Any CPU.ActiveCfg = Release|Any CPU
		{C892845F-97EF-4785-A683-C027D7CE8EFC}.Release|Any CPU.Build.0 = Release|Any CPU
		{13DE54A9-7A8B-416F-B49F-2E84FA53D11A}.Debug|Any CPU.ActiveCfg = Debug|Any CPU
		{13DE54A9-7A8B-416F-B49F-2E84FA53D11A}.Debug|Any CPU.Build.0 = Debug|Any CPU
		{13DE54A9-7A8B-416F-B49F-2E84FA53D11A}.Release|Any CPU.ActiveCfg = Release|Any CPU
		{13DE54A9-7A8B-416F-B49F-2E84FA53D11A}.Release|Any CPU.Build.0 = Release|Any CPU
		{2A3F075B-C0CF-4745-8BF1-5A5321DB528E}.Debug|Any CPU.ActiveCfg = Debug|Any CPU
		{2A3F075B-C0CF-4745-8BF1-5A5321DB528E}.Debug|Any CPU.Build.0 = Debug|Any CPU
		{2A3F075B-C0CF-4745-8BF1-5A5321DB528E}.Release|Any CPU.ActiveCfg = Release|Any CPU
		{2A3F075B-C0CF-4745-8BF1-5A5321DB528E}.Release|Any CPU.Build.0 = Release|Any CPU
		{BECE3579-75A5-4686-B1C4-980FE7D38678}.Debug|Any CPU.ActiveCfg = Debug|Any CPU
		{BECE3579-75A5-4686-B1C4-980FE7D38678}.Debug|Any CPU.Build.0 = Debug|Any CPU
		{BECE3579-75A5-4686-B1C4-980FE7D38678}.Release|Any CPU.ActiveCfg = Release|Any CPU
		{BECE3579-75A5-4686-B1C4-980FE7D38678}.Release|Any CPU.Build.0 = Release|Any CPU
		{C3EC101C-90FB-4CD7-8457-ECF1E53C6543}.Debug|Any CPU.ActiveCfg = Debug|Any CPU
		{C3EC101C-90FB-4CD7-8457-ECF1E53C6543}.Debug|Any CPU.Build.0 = Debug|Any CPU
		{C3EC101C-90FB-4CD7-8457-ECF1E53C6543}.Release|Any CPU.ActiveCfg = Release|Any CPU
		{C3EC101C-90FB-4CD7-8457-ECF1E53C6543}.Release|Any CPU.Build.0 = Release|Any CPU
		{686BC368-A67A-4374-B0A4-E1BACF8D6A2A}.Debug|Any CPU.ActiveCfg = Debug|Any CPU
		{686BC368-A67A-4374-B0A4-E1BACF8D6A2A}.Debug|Any CPU.Build.0 = Debug|Any CPU
		{686BC368-A67A-4374-B0A4-E1BACF8D6A2A}.Release|Any CPU.ActiveCfg = Release|Any CPU
		{686BC368-A67A-4374-B0A4-E1BACF8D6A2A}.Release|Any CPU.Build.0 = Release|Any CPU
	EndGlobalSection
	GlobalSection(SolutionProperties) = preSolution
		HideSolutionNode = FALSE
	EndGlobalSection
	GlobalSection(NestedProjects) = preSolution
		{C59B891E-D9C8-418F-A797-9BA6B581E77C} = {7E7C9008-6B5A-4D64-84D7-4DB5D4FA00EF}
		{F44BEA16-C565-4275-B523-3D40D26EBBC0} = {7E7C9008-6B5A-4D64-84D7-4DB5D4FA00EF}
		{1E135A39-100B-4326-8411-DC91ABE667A0} = {6946DDCE-97AD-40DE-9096-E0F26488720E}
		{0CAF3717-683D-45D3-94A1-CFA4828EF67B} = {6946DDCE-97AD-40DE-9096-E0F26488720E}
		{5F4030C6-0AB1-465B-9322-2F8740EC9832} = {64C78E40-E662-4480-8C33-8E2137B43D44}
		{00E22DD2-918B-406A-8A60-9D490961B7A5} = {64C78E40-E662-4480-8C33-8E2137B43D44}
		{288130B9-6D9B-4F12-AD11-487482051949} = {B10F3E34-9FFA-4216-BC40-D25EA32302AB}
		{FE637B7B-41AA-4761-AE52-E999136C2B35} = {B10F3E34-9FFA-4216-BC40-D25EA32302AB}
		{1A2679F1-6802-4E53-86AA-04AC209F1C1C} = {B10F3E34-9FFA-4216-BC40-D25EA32302AB}
		{6FACD39E-3468-4BA4-A800-C802ADF561F8} = {64672CA3-7BBD-4701-BBCF-3E4B5C214361}
		{D971176D-0F9A-43E9-852A-DE83409400F5} = {64672CA3-7BBD-4701-BBCF-3E4B5C214361}
		{5A8C667C-CCA4-41C9-8B5A-17BAF155B26A} = {64672CA3-7BBD-4701-BBCF-3E4B5C214361}
		{E76C80B4-F761-4396-94E7-7F397AEC5F3C} = {64672CA3-7BBD-4701-BBCF-3E4B5C214361}
		{C892845F-97EF-4785-A683-C027D7CE8EFC} = {64672CA3-7BBD-4701-BBCF-3E4B5C214361}
		{13DE54A9-7A8B-416F-B49F-2E84FA53D11A} = {64672CA3-7BBD-4701-BBCF-3E4B5C214361}
		{2A3F075B-C0CF-4745-8BF1-5A5321DB528E} = {64672CA3-7BBD-4701-BBCF-3E4B5C214361}
		{BECE3579-75A5-4686-B1C4-980FE7D38678} = {64672CA3-7BBD-4701-BBCF-3E4B5C214361}
		{C3EC101C-90FB-4CD7-8457-ECF1E53C6543} = {64672CA3-7BBD-4701-BBCF-3E4B5C214361}
		{686BC368-A67A-4374-B0A4-E1BACF8D6A2A} = {64672CA3-7BBD-4701-BBCF-3E4B5C214361}
	EndGlobalSection
	GlobalSection(ExtensibilityGlobals) = postSolution
		SolutionGuid = {CA123705-220A-45CC-9B4C-2DA827B113EF}
	EndGlobalSection
EndGlobal
